
Microsoft Visual Studio Solution File, Format Version 12.00
# Visual Studio Version 17
VisualStudioVersion = 17.5.33424.131
MinimumVisualStudioVersion = 10.0.40219.1
Project("{FAE04EC0-301F-11D3-BF4B-00C04F79EFBC}") = "01xaml", "xaml\01xaml.csproj", "{7E699D7D-9A32-4B03-830C-6670EBB226CC}"
EndProject
Project("{FAE04EC0-301F-11D3-BF4B-00C04F79EFBC}") = "02GridPanel", "GridPanel\02GridPanel.csproj", "{866405C2-139F-427C-8850-71233C5F7695}"
EndProject
Project("{FAE04EC0-301F-11D3-BF4B-00C04F79EFBC}") = "03控件模板", "控件模板\03控件模板.csproj", "{5C8BA7C3-242D-40B5-91F9-825031F652E7}"
EndProject
Project("{FAE04EC0-301F-11D3-BF4B-00C04F79EFBC}") = "04数据模板", "数据模板\04数据模板.csproj", "{1E38DC70-C1F4-42B0-B1FB-64E3A5773C7F}"
EndProject
Project("{FAE04EC0-301F-11D3-BF4B-00C04F79EFBC}") = "05绑定", "绑定\05绑定.csproj", "{75240CCF-C428-4973-B501-D68470CF873A}"
EndProject
Project("{FAE04EC0-301F-11D3-BF4B-00C04F79EFBC}") = "06绑定2", "绑定2\06绑定2.csproj", "{CB0278F2-510A-4B96-97F3-DF1499AC11B1}"
EndProject
Project("{FAE04EC0-301F-11D3-BF4B-00C04F79EFBC}") = "07绑定3", "绑定3\07绑定3.csproj", "{9744E039-B172-406E-A1B8-39475645A0ED}"
EndProject
Project("{FAE04EC0-301F-11D3-BF4B-00C04F79EFBC}") = "08Mvvm微软框架", "Mvvm微软框架\08Mvvm微软框架.csproj", "{35352A2E-E9F9-4ABB-8447-125A01BC6C9D}"
EndProject
Project("{FAE04EC0-301F-11D3-BF4B-00C04F79EFBC}") = "09静态资源和动态资源", "09静态资源和动态资源\09静态资源和动态资源.csproj", "{8C8DA6A6-D722-40E6-B5F9-96D31D4D5EDD}"
EndProject
Project("{FAE04EC0-301F-11D3-BF4B-00C04F79EFBC}") = "10资源字典", "10资源字典\10资源字典.csproj", "{604AA498-D7DD-4301-9FF3-7A644FC53B89}"
EndProject
Project("{FAE04EC0-301F-11D3-BF4B-00C04F79EFBC}") = "11动画", "11动画\11动画.csproj", "{EFE9ADA5-269A-4443-910D-ACA1773E0002}"
EndProject
Project("{FAE04EC0-301F-11D3-BF4B-00C04F79EFBC}") = "12Prism框架", "12Prism框架\12Prism框架.csproj", "{9117C182-ACC3-4ED6-8B7F-E3EA8083217C}"
EndProject
Project("{9A19103F-16F7-4668-BE54-9A1E7A4F7556}") = "PrismTest", "PrismTest\PrismTest.csproj", "{6FA96210-504E-4FAD-BA96-AF18F28F2519}"
EndProject
Project("{9A19103F-16F7-4668-BE54-9A1E7A4F7556}") = "PrismTest2", "PrismTest2\PrismTest2.csproj", "{3D7A95F3-113C-46A5-A3DA-374428B97C27}"
EndProject
Project("{9A19103F-16F7-4668-BE54-9A1E7A4F7556}") = "prism_modle", "prism_modle\prism_modle.csproj", "{80F09819-8267-40DA-84A3-20717A9A1862}"
EndProject
Project("{9A19103F-16F7-4668-BE54-9A1E7A4F7556}") = "FuncA_Module", "FuncA_Module\FuncA_Module.csproj", "{592F2E21-5E75-4BE8-81DB-C0A0A7944504}"
EndProject
Project("{9A19103F-16F7-4668-BE54-9A1E7A4F7556}") = "prism_dialog", "prism_dialog\prism_dialog.csproj", "{50BD554F-9FD0-4A7F-B228-F09F298DC477}"
EndProject
Project("{9A19103F-16F7-4668-BE54-9A1E7A4F7556}") = "MyToDo", "MyToDo\MyToDo.csproj", "{9B96E4E8-8005-4B1B-8B2B-1BD819E52282}"
EndProject
Project("{9A19103F-16F7-4668-BE54-9A1E7A4F7556}") = "MyToDo.api", "MyToDo.api\MyToDo.api.csproj", "{CB2B9966-FFB4-4C4B-ABF6-0069C1C1C903}"
EndProject
Project("{9A19103F-16F7-4668-BE54-9A1E7A4F7556}") = "UnitOfWork", "UnitOfWork\src\UnitOfWork\UnitOfWork.csproj", "{515FCD80-4E02-4962-A2D5-F9EACA6E1EBE}"
EndProject
Project("{FAE04EC0-301F-11D3-BF4B-00C04F79EFBC}") = "MyToDo.shared", "MyToDo.shared\MyToDo.shared.csproj", "{BA2F6217-907F-42A0-BEA8-C99F79516A74}"
EndProject
Global
	GlobalSection(SolutionConfigurationPlatforms) = preSolution
		Debug|Any CPU = Debug|Any CPU
		Release|Any CPU = Release|Any CPU
	EndGlobalSection
	GlobalSection(ProjectConfigurationPlatforms) = postSolution
		{7E699D7D-9A32-4B03-830C-6670EBB226CC}.Debug|Any CPU.ActiveCfg = Debug|Any CPU
		{7E699D7D-9A32-4B03-830C-6670EBB226CC}.Debug|Any CPU.Build.0 = Debug|Any CPU
		{7E699D7D-9A32-4B03-830C-6670EBB226CC}.Release|Any CPU.ActiveCfg = Release|Any CPU
		{7E699D7D-9A32-4B03-830C-6670EBB226CC}.Release|Any CPU.Build.0 = Release|Any CPU
		{866405C2-139F-427C-8850-71233C5F7695}.Debug|Any CPU.ActiveCfg = Debug|Any CPU
		{866405C2-139F-427C-8850-71233C5F7695}.Debug|Any CPU.Build.0 = Debug|Any CPU
		{866405C2-139F-427C-8850-71233C5F7695}.Release|Any CPU.ActiveCfg = Release|Any CPU
		{866405C2-139F-427C-8850-71233C5F7695}.Release|Any CPU.Build.0 = Release|Any CPU
		{5C8BA7C3-242D-40B5-91F9-825031F652E7}.Debug|Any CPU.ActiveCfg = Debug|Any CPU
		{5C8BA7C3-242D-40B5-91F9-825031F652E7}.Debug|Any CPU.Build.0 = Debug|Any CPU
		{5C8BA7C3-242D-40B5-91F9-825031F652E7}.Release|Any CPU.ActiveCfg = Release|Any CPU
		{5C8BA7C3-242D-40B5-91F9-825031F652E7}.Release|Any CPU.Build.0 = Release|Any CPU
		{1E38DC70-C1F4-42B0-B1FB-64E3A5773C7F}.Debug|Any CPU.ActiveCfg = Debug|Any CPU
		{1E38DC70-C1F4-42B0-B1FB-64E3A5773C7F}.Debug|Any CPU.Build.0 = Debug|Any CPU
		{1E38DC70-C1F4-42B0-B1FB-64E3A5773C7F}.Release|Any CPU.ActiveCfg = Release|Any CPU
		{1E38DC70-C1F4-42B0-B1FB-64E3A5773C7F}.Release|Any CPU.Build.0 = Release|Any CPU
		{75240CCF-C428-4973-B501-D68470CF873A}.Debug|Any CPU.ActiveCfg = Debug|Any CPU
		{75240CCF-C428-4973-B501-D68470CF873A}.Debug|Any CPU.Build.0 = Debug|Any CPU
		{75240CCF-C428-4973-B501-D68470CF873A}.Release|Any CPU.ActiveCfg = Release|Any CPU
		{75240CCF-C428-4973-B501-D68470CF873A}.Release|Any CPU.Build.0 = Release|Any CPU
		{CB0278F2-510A-4B96-97F3-DF1499AC11B1}.Debug|Any CPU.ActiveCfg = Debug|Any CPU
		{CB0278F2-510A-4B96-97F3-DF1499AC11B1}.Debug|Any CPU.Build.0 = Debug|Any CPU
		{CB0278F2-510A-4B96-97F3-DF1499AC11B1}.Release|Any CPU.ActiveCfg = Release|Any CPU
		{CB0278F2-510A-4B96-97F3-DF1499AC11B1}.Release|Any CPU.Build.0 = Release|Any CPU
		{9744E039-B172-406E-A1B8-39475645A0ED}.Debug|Any CPU.ActiveCfg = Debug|Any CPU
		{9744E039-B172-406E-A1B8-39475645A0ED}.Debug|Any CPU.Build.0 = Debug|Any CPU
		{9744E039-B172-406E-A1B8-39475645A0ED}.Release|Any CPU.ActiveCfg = Release|Any CPU
		{9744E039-B172-406E-A1B8-39475645A0ED}.Release|Any CPU.Build.0 = Release|Any CPU
		{35352A2E-E9F9-4ABB-8447-125A01BC6C9D}.Debug|Any CPU.ActiveCfg = Debug|Any CPU
		{35352A2E-E9F9-4ABB-8447-125A01BC6C9D}.Debug|Any CPU.Build.0 = Debug|Any CPU
		{35352A2E-E9F9-4ABB-8447-125A01BC6C9D}.Release|Any CPU.ActiveCfg = Release|Any CPU
		{35352A2E-E9F9-4ABB-8447-125A01BC6C9D}.Release|Any CPU.Build.0 = Release|Any CPU
		{8C8DA6A6-D722-40E6-B5F9-96D31D4D5EDD}.Debug|Any CPU.ActiveCfg = Debug|Any CPU
		{8C8DA6A6-D722-40E6-B5F9-96D31D4D5EDD}.Debug|Any CPU.Build.0 = Debug|Any CPU
		{8C8DA6A6-D722-40E6-B5F9-96D31D4D5EDD}.Release|Any CPU.ActiveCfg = Release|Any CPU
		{8C8DA6A6-D722-40E6-B5F9-96D31D4D5EDD}.Release|Any CPU.Build.0 = Release|Any CPU
		{604AA498-D7DD-4301-9FF3-7A644FC53B89}.Debug|Any CPU.ActiveCfg = Debug|Any CPU
		{604AA498-D7DD-4301-9FF3-7A644FC53B89}.Debug|Any CPU.Build.0 = Debug|Any CPU
		{604AA498-D7DD-4301-9FF3-7A644FC53B89}.Release|Any CPU.ActiveCfg = Release|Any CPU
		{604AA498-D7DD-4301-9FF3-7A644FC53B89}.Release|Any CPU.Build.0 = Release|Any CPU
		{EFE9ADA5-269A-4443-910D-ACA1773E0002}.Debug|Any CPU.ActiveCfg = Debug|Any CPU
		{EFE9ADA5-269A-4443-910D-ACA1773E0002}.Debug|Any CPU.Build.0 = Debug|Any CPU
		{EFE9ADA5-269A-4443-910D-ACA1773E0002}.Release|Any CPU.ActiveCfg = Release|Any CPU
		{EFE9ADA5-269A-4443-910D-ACA1773E0002}.Release|Any CPU.Build.0 = Release|Any CPU
		{9117C182-ACC3-4ED6-8B7F-E3EA8083217C}.Debug|Any CPU.ActiveCfg = Debug|Any CPU
		{9117C182-ACC3-4ED6-8B7F-E3EA8083217C}.Debug|Any CPU.Build.0 = Debug|Any CPU
		{9117C182-ACC3-4ED6-8B7F-E3EA8083217C}.Release|Any CPU.ActiveCfg = Release|Any CPU
		{9117C182-ACC3-4ED6-8B7F-E3EA8083217C}.Release|Any CPU.Build.0 = Release|Any CPU
		{6FA96210-504E-4FAD-BA96-AF18F28F2519}.Debug|Any CPU.ActiveCfg = Debug|Any CPU
		{6FA96210-504E-4FAD-BA96-AF18F28F2519}.Debug|Any CPU.Build.0 = Debug|Any CPU
		{6FA96210-504E-4FAD-BA96-AF18F28F2519}.Release|Any CPU.ActiveCfg = Release|Any CPU
		{6FA96210-504E-4FAD-BA96-AF18F28F2519}.Release|Any CPU.Build.0 = Release|Any CPU
		{3D7A95F3-113C-46A5-A3DA-374428B97C27}.Debug|Any CPU.ActiveCfg = Debug|Any CPU
		{3D7A95F3-113C-46A5-A3DA-374428B97C27}.Debug|Any CPU.Build.0 = Debug|Any CPU
		{3D7A95F3-113C-46A5-A3DA-374428B97C27}.Release|Any CPU.ActiveCfg = Release|Any CPU
		{3D7A95F3-113C-46A5-A3DA-374428B97C27}.Release|Any CPU.Build.0 = Release|Any CPU
		{80F09819-8267-40DA-84A3-20717A9A1862}.Debug|Any CPU.ActiveCfg = Debug|Any CPU
		{80F09819-8267-40DA-84A3-20717A9A1862}.Debug|Any CPU.Build.0 = Debug|Any CPU
		{80F09819-8267-40DA-84A3-20717A9A1862}.Release|Any CPU.ActiveCfg = Release|Any CPU
		{80F09819-8267-40DA-84A3-20717A9A1862}.Release|Any CPU.Build.0 = Release|Any CPU
		{592F2E21-5E75-4BE8-81DB-C0A0A7944504}.Debug|Any CPU.ActiveCfg = Debug|Any CPU
		{592F2E21-5E75-4BE8-81DB-C0A0A7944504}.Debug|Any CPU.Build.0 = Debug|Any CPU
		{592F2E21-5E75-4BE8-81DB-C0A0A7944504}.Release|Any CPU.ActiveCfg = Release|Any CPU
		{592F2E21-5E75-4BE8-81DB-C0A0A7944504}.Release|Any CPU.Build.0 = Release|Any CPU
		{50BD554F-9FD0-4A7F-B228-F09F298DC477}.Debug|Any CPU.ActiveCfg = Debug|Any CPU
		{50BD554F-9FD0-4A7F-B228-F09F298DC477}.Debug|Any CPU.Build.0 = Debug|Any CPU
		{50BD554F-9FD0-4A7F-B228-F09F298DC477}.Release|Any CPU.ActiveCfg = Release|Any CPU
		{50BD554F-9FD0-4A7F-B228-F09F298DC477}.Release|Any CPU.Build.0 = Release|Any CPU
		{9B96E4E8-8005-4B1B-8B2B-1BD819E52282}.Debug|Any CPU.ActiveCfg = Debug|Any CPU
		{9B96E4E8-8005-4B1B-8B2B-1BD819E52282}.Debug|Any CPU.Build.0 = Debug|Any CPU
		{9B96E4E8-8005-4B1B-8B2B-1BD819E52282}.Release|Any CPU.ActiveCfg = Release|Any CPU
		{9B96E4E8-8005-4B1B-8B2B-1BD819E52282}.Release|Any CPU.Build.0 = Release|Any CPU
		{CB2B9966-FFB4-4C4B-ABF6-0069C1C1C903}.Debug|Any CPU.ActiveCfg = Debug|Any CPU
		{CB2B9966-FFB4-4C4B-ABF6-0069C1C1C903}.Debug|Any CPU.Build.0 = Debug|Any CPU
		{CB2B9966-FFB4-4C4B-ABF6-0069C1C1C903}.Release|Any CPU.ActiveCfg = Release|Any CPU
		{CB2B9966-FFB4-4C4B-ABF6-0069C1C1C903}.Release|Any CPU.Build.0 = Release|Any CPU
		{515FCD80-4E02-4962-A2D5-F9EACA6E1EBE}.Debug|Any CPU.ActiveCfg = Debug|Any CPU
		{515FCD80-4E02-4962-A2D5-F9EACA6E1EBE}.Debug|Any CPU.Build.0 = Debug|Any CPU
		{515FCD80-4E02-4962-A2D5-F9EACA6E1EBE}.Release|Any CPU.ActiveCfg = Release|Any CPU
		{515FCD80-4E02-4962-A2D5-F9EACA6E1EBE}.Release|Any CPU.Build.0 = Release|Any CPU
		{BA2F6217-907F-42A0-BEA8-C99F79516A74}.Debug|Any CPU.ActiveCfg = Debug|Any CPU
		{BA2F6217-907F-42A0-BEA8-C99F79516A74}.Debug|Any CPU.Build.0 = Debug|Any CPU
		{BA2F6217-907F-42A0-BEA8-C99F79516A74}.Release|Any CPU.ActiveCfg = Release|Any CPU
		{BA2F6217-907F-42A0-BEA8-C99F79516A74}.Release|Any CPU.Build.0 = Release|Any CPU
	EndGlobalSection
	GlobalSection(SolutionProperties) = preSolution
		HideSolutionNode = FALSE
	EndGlobalSection
	GlobalSection(ExtensibilityGlobals) = postSolution
		SolutionGuid = {643EEA98-5DB2-4E3D-829E-E95F8BD91F22}
	EndGlobalSection
EndGlobal
